
Microsoft Visual Studio Solution File, Format Version 12.00
# Visual Studio 15
VisualStudioVersion = 15.0.28307.572
MinimumVisualStudioVersion = 10.0.40219.1
Project("{FAE04EC0-301F-11D3-BF4B-00C04F79EFBC}") = "1.basic", "1.basic\1.basic.csproj", "{10AB735D-1AF2-497A-8E69-34C634CF20C4}"
EndProject
Global
	GlobalSection(SolutionConfigurationPlatforms) = preSolution
		Debug|Any CPU = Debug|Any CPU
		Release|Any CPU = Release|Any CPU
	EndGlobalSection
	GlobalSection(ProjectConfigurationPlatforms) = postSolution
		{10AB735D-1AF2-497A-8E69-34C634CF20C4}.Debug|Any CPU.ActiveCfg = Debug|Any CPU
		{10AB735D-1AF2-497A-8E69-34C634CF20C4}.Debug|Any CPU.Build.0 = Debug|Any CPU
		{10AB735D-1AF2-497A-8E69-34C634CF20C4}.Release|Any CPU.ActiveCfg = Release|Any CPU
		{10AB735D-1AF2-497A-8E69-34C634CF20C4}.Release|Any CPU.Build.0 = Release|Any CPU
	EndGlobalSection
	GlobalSection(SolutionProperties) = preSolution
		HideSolutionNode = FALSE
	EndGlobalSection
	GlobalSection(ExtensibilityGlobals) = postSolution
		SolutionGuid = {C5F766A4-CC97-4E9D-927F-942C9D9B43F3}
	EndGlobalSection
EndGlobal
